
Microsoft Visual Studio Solution File, Format Version 12.00
# Visual Studio Version 16
VisualStudioVersion = 16.0.29613.14
MinimumVisualStudioVersion = 10.0.40219.1
Project("{FAE04EC0-301F-11D3-BF4B-00C04F79EFBC}") = "OdeToFood.Web", "OdeToFood.Web\OdeToFood.Web.csproj", "{1580F23D-9F04-4D33-BF73-F36171A9A712}"
EndProject
Project("{FAE04EC0-301F-11D3-BF4B-00C04F79EFBC}") = "OdeToFood.Data", "OdeToFood.Data\OdeToFood.Data.csproj", "{F7855D16-8C2E-4187-8D94-8FD1FCBD2911}"
EndProject
Global
	GlobalSection(SolutionConfigurationPlatforms) = preSolution
		Debug|Any CPU = Debug|Any CPU
		Release|Any CPU = Release|Any CPU
	EndGlobalSection
	GlobalSection(ProjectConfigurationPlatforms) = postSolution
		{1580F23D-9F04-4D33-BF73-F36171A9A712}.Debug|Any CPU.ActiveCfg = Debug|Any CPU
		{1580F23D-9F04-4D33-BF73-F36171A9A712}.Debug|Any CPU.Build.0 = Debug|Any CPU
		{1580F23D-9F04-4D33-BF73-F36171A9A712}.Release|Any CPU.ActiveCfg = Release|Any CPU
		{1580F23D-9F04-4D33-BF73-F36171A9A712}.Release|Any CPU.Build.0 = Release|Any CPU
		{F7855D16-8C2E-4187-8D94-8FD1FCBD2911}.Debug|Any CPU.ActiveCfg = Debug|Any CPU
		{F7855D16-8C2E-4187-8D94-8FD1FCBD2911}.Debug|Any CPU.Build.0 = Debug|Any CPU
		{F7855D16-8C2E-4187-8D94-8FD1FCBD2911}.Release|Any CPU.ActiveCfg = Release|Any CPU
		{F7855D16-8C2E-4187-8D94-8FD1FCBD2911}.Release|Any CPU.Build.0 = Release|Any CPU
	EndGlobalSection
	GlobalSection(SolutionProperties) = preSolution
		HideSolutionNode = FALSE
	EndGlobalSection
	GlobalSection(ExtensibilityGlobals) = postSolution
		SolutionGuid = {61D87566-8FCA-4E58-860F-C3F146756234}
	EndGlobalSection
EndGlobal
